// !$*UTF8*$!
{
	archiveVersion = 1;
	classes = {
	};
	objectVersion = 55;
	objects = {

/* Begin PBXBuildFile section */
		471EF695281091B100A21056 /* AppDelegate.swift in Sources */ = {isa = PBXBuildFile; fileRef = 471EF694281091B100A21056 /* AppDelegate.swift */; };
		471EF69E281091B400A21056 /* Assets.xcassets in Resources */ = {isa = PBXBuildFile; fileRef = 471EF69D281091B400A21056 /* Assets.xcassets */; };
		471EF6A1281091B400A21056 /* LaunchScreen.storyboard in Resources */ = {isa = PBXBuildFile; fileRef = 471EF69F281091B400A21056 /* LaunchScreen.storyboard */; };
		471EF6AC281091B400A21056 /* DeezerTests.swift in Sources */ = {isa = PBXBuildFile; fileRef = 471EF6AB281091B400A21056 /* DeezerTests.swift */; };
		471EF6B6281091B400A21056 /* DeezerUITests.swift in Sources */ = {isa = PBXBuildFile; fileRef = 471EF6B5281091B400A21056 /* DeezerUITests.swift */; };
		471EF6B8281091B400A21056 /* DeezerUITestsLaunchTests.swift in Sources */ = {isa = PBXBuildFile; fileRef = 471EF6B7281091B400A21056 /* DeezerUITestsLaunchTests.swift */; };
		471EF6C7281094C300A21056 /* HomeViewController.swift in Sources */ = {isa = PBXBuildFile; fileRef = 471EF6C6281094C200A21056 /* HomeViewController.swift */; };
		471EF6C92810950100A21056 /* HomeViewController.xib in Resources */ = {isa = PBXBuildFile; fileRef = 471EF6C82810950100A21056 /* HomeViewController.xib */; };
		471EF6D02810AE2A00A21056 /* API.swift in Sources */ = {isa = PBXBuildFile; fileRef = 471EF6CF2810AE2A00A21056 /* API.swift */; };
		471EF6D22810AEA000A21056 /* Artist.swift in Sources */ = {isa = PBXBuildFile; fileRef = 471EF6D12810AEA000A21056 /* Artist.swift */; };
		471EF6D42810AEA700A21056 /* Album.swift in Sources */ = {isa = PBXBuildFile; fileRef = 471EF6D32810AEA700A21056 /* Album.swift */; };
		471EF6D62810B14700A21056 /* Track.swift in Sources */ = {isa = PBXBuildFile; fileRef = 471EF6D52810B14700A21056 /* Track.swift */; };
		471EF6D92810B28300A21056 /* UIView.swift in Sources */ = {isa = PBXBuildFile; fileRef = 471EF6D82810B28300A21056 /* UIView.swift */; };
		471EF6DC2810B2F800A21056 /* LoadableImageView.swift in Sources */ = {isa = PBXBuildFile; fileRef = 471EF6DB2810B2F800A21056 /* LoadableImageView.swift */; };
		471EF6DF2810B39F00A21056 /* ImageCache.swift in Sources */ = {isa = PBXBuildFile; fileRef = 471EF6DE2810B39F00A21056 /* ImageCache.swift */; };
		471EF6E3281190E400A21056 /* ErrorHelper.swift in Sources */ = {isa = PBXBuildFile; fileRef = 471EF6E2281190E400A21056 /* ErrorHelper.swift */; };
		471EF6E528119F4400A21056 /* Bindable.swift in Sources */ = {isa = PBXBuildFile; fileRef = 471EF6E428119F4300A21056 /* Bindable.swift */; };
		471EF6E728119FD300A21056 /* HomeCoordinator.swift in Sources */ = {isa = PBXBuildFile; fileRef = 471EF6E628119FD300A21056 /* HomeCoordinator.swift */; };
		471EF6E928119FDD00A21056 /* HomeViewModel.swift in Sources */ = {isa = PBXBuildFile; fileRef = 471EF6E828119FDD00A21056 /* HomeViewModel.swift */; };
		471EF6EC2811A3AF00A21056 /* Coordinator.swift in Sources */ = {isa = PBXBuildFile; fileRef = 471EF6EB2811A3AF00A21056 /* Coordinator.swift */; };
		471EF6F02811A52000A21056 /* BaseViewController.swift in Sources */ = {isa = PBXBuildFile; fileRef = 471EF6EF2811A52000A21056 /* BaseViewController.swift */; };
		4763ADAF2811FD83006D20C8 /* ArtistCell.swift in Sources */ = {isa = PBXBuildFile; fileRef = 4763ADAE2811FD83006D20C8 /* ArtistCell.swift */; };
		4763ADB12811FDAF006D20C8 /* ArtistCell.xib in Resources */ = {isa = PBXBuildFile; fileRef = 4763ADB02811FDAF006D20C8 /* ArtistCell.xib */; };
		4763ADB32812ED4C006D20C8 /* ArtistCoordinator.swift in Sources */ = {isa = PBXBuildFile; fileRef = 4763ADB22812ED4B006D20C8 /* ArtistCoordinator.swift */; };
		4763ADB52812ED58006D20C8 /* ArtistViewController.swift in Sources */ = {isa = PBXBuildFile; fileRef = 4763ADB42812ED58006D20C8 /* ArtistViewController.swift */; };
		4763ADB72812ED63006D20C8 /* ArtistViewController.xib in Resources */ = {isa = PBXBuildFile; fileRef = 4763ADB62812ED62006D20C8 /* ArtistViewController.xib */; };
		4763ADB92812ED70006D20C8 /* ArtistViewModel.swift in Sources */ = {isa = PBXBuildFile; fileRef = 4763ADB82812ED70006D20C8 /* ArtistViewModel.swift */; };
		479F287D281301D9009DCE91 /* AlbumCell.swift in Sources */ = {isa = PBXBuildFile; fileRef = 479F287C281301D9009DCE91 /* AlbumCell.swift */; };
		479F287F281301E4009DCE91 /* AlbumCell.xib in Resources */ = {isa = PBXBuildFile; fileRef = 479F287E281301E4009DCE91 /* AlbumCell.xib */; };
		479F288128130CE2009DCE91 /* AlbumViewController.xib in Resources */ = {isa = PBXBuildFile; fileRef = 479F288028130CE2009DCE91 /* AlbumViewController.xib */; };
		479F288328130CEF009DCE91 /* AlbumViewController.swift in Sources */ = {isa = PBXBuildFile; fileRef = 479F288228130CEF009DCE91 /* AlbumViewController.swift */; };
		479F288528130CFA009DCE91 /* AlbumViewModel.swift in Sources */ = {isa = PBXBuildFile; fileRef = 479F288428130CF9009DCE91 /* AlbumViewModel.swift */; };
		479F288828130F4E009DCE91 /* TrackCell.swift in Sources */ = {isa = PBXBuildFile; fileRef = 479F288728130F4D009DCE91 /* TrackCell.swift */; };
		479F288A28130F55009DCE91 /* TrackCell.xib in Resources */ = {isa = PBXBuildFile; fileRef = 479F288928130F54009DCE91 /* TrackCell.xib */; };
		479F288C281315AF009DCE91 /* Integer.swift in Sources */ = {isa = PBXBuildFile; fileRef = 479F288B281315AF009DCE91 /* Integer.swift */; };
		479F288E281317B1009DCE91 /* ScretchyTableViewHeader.swift in Sources */ = {isa = PBXBuildFile; fileRef = 479F288D281317B1009DCE91 /* ScretchyTableViewHeader.swift */; };
		479F289228142C4E009DCE91 /* AppCoordinator.swift in Sources */ = {isa = PBXBuildFile; fileRef = 479F289128142C4E009DCE91 /* AppCoordinator.swift */; };
		479F289428142D8D009DCE91 /* BaseCoordinator.swift in Sources */ = {isa = PBXBuildFile; fileRef = 479F289328142D8C009DCE91 /* BaseCoordinator.swift */; };
		479F2896281430F1009DCE91 /* AlbumCoordinator.swift in Sources */ = {isa = PBXBuildFile; fileRef = 479F2895281430F1009DCE91 /* AlbumCoordinator.swift */; };
		479F289C28144086009DCE91 /* AppColor.swift in Sources */ = {isa = PBXBuildFile; fileRef = 479F289B28144086009DCE91 /* AppColor.swift */; };
		479F289E2814413C009DCE91 /* ArtistHeaderView.swift in Sources */ = {isa = PBXBuildFile; fileRef = 479F289D2814413C009DCE91 /* ArtistHeaderView.swift */; };
		479F28A028144799009DCE91 /* SearchFooter.swift in Sources */ = {isa = PBXBuildFile; fileRef = 479F289F28144799009DCE91 /* SearchFooter.swift */; };
		479F28AB28146BCE009DCE91 /* APITests.swift in Sources */ = {isa = PBXBuildFile; fileRef = 479F28A928146BCE009DCE91 /* APITests.swift */; };
		479F28AC28146BCE009DCE91 /* HelpersTests.swift in Sources */ = {isa = PBXBuildFile; fileRef = 479F28AA28146BCE009DCE91 /* HelpersTests.swift */; };
		479F28AE28147021009DCE91 /* artbat.json in Resources */ = {isa = PBXBuildFile; fileRef = 479F28AD28147021009DCE91 /* artbat.json */; };
		479F28B228147329009DCE91 /* albums.json in Resources */ = {isa = PBXBuildFile; fileRef = 479F28B128147329009DCE91 /* albums.json */; };
		479F28B428147467009DCE91 /* search.json in Resources */ = {isa = PBXBuildFile; fileRef = 479F28B328147467009DCE91 /* search.json */; };
		479F28B62817F5CA009DCE91 /* APIRequest.swift in Sources */ = {isa = PBXBuildFile; fileRef = 479F28B52817F5CA009DCE91 /* APIRequest.swift */; };
		479F28B92817F677009DCE91 /* SearchRequest.swift in Sources */ = {isa = PBXBuildFile; fileRef = 479F28B82817F677009DCE91 /* SearchRequest.swift */; };
		479F28BB2817FA23009DCE91 /* AppAPI.swift in Sources */ = {isa = PBXBuildFile; fileRef = 479F28BA2817FA23009DCE91 /* AppAPI.swift */; };
		479F28BD2817FDE9009DCE91 /* AlbumsRequest.swift in Sources */ = {isa = PBXBuildFile; fileRef = 479F28BC2817FDE9009DCE91 /* AlbumsRequest.swift */; };
		479F28BF2817FDF2009DCE91 /* AlbumInfoRequest.swift in Sources */ = {isa = PBXBuildFile; fileRef = 479F28BE2817FDF2009DCE91 /* AlbumInfoRequest.swift */; };
/* End PBXBuildFile section */

/* Begin PBXContainerItemProxy section */
		471EF6A8281091B400A21056 /* PBXContainerItemProxy */ = {
			isa = PBXContainerItemProxy;
			containerPortal = 471EF689281091B100A21056 /* Project object */;
			proxyType = 1;
			remoteGlobalIDString = 471EF690281091B100A21056;
			remoteInfo = Deezer;
		};
		471EF6B2281091B400A21056 /* PBXContainerItemProxy */ = {
			isa = PBXContainerItemProxy;
			containerPortal = 471EF689281091B100A21056 /* Project object */;
			proxyType = 1;
			remoteGlobalIDString = 471EF690281091B100A21056;
			remoteInfo = Deezer;
		};
/* End PBXContainerItemProxy section */

/* Begin PBXFileReference section */
		471EF691281091B100A21056 /* Deezer.app */ = {isa = PBXFileReference; explicitFileType = wrapper.application; includeInIndex = 0; path = Deezer.app; sourceTree = BUILT_PRODUCTS_DIR; };
		471EF694281091B100A21056 /* AppDelegate.swift */ = {isa = PBXFileReference; lastKnownFileType = sourcecode.swift; path = AppDelegate.swift; sourceTree = "<group>"; };
		471EF69D281091B400A21056 /* Assets.xcassets */ = {isa = PBXFileReference; lastKnownFileType = folder.assetcatalog; path = Assets.xcassets; sourceTree = "<group>"; };
		471EF6A0281091B400A21056 /* Base */ = {isa = PBXFileReference; lastKnownFileType = file.storyboard; name = Base; path = Base.lproj/LaunchScreen.storyboard; sourceTree = "<group>"; };
		471EF6A2281091B400A21056 /* Info.plist */ = {isa = PBXFileReference; lastKnownFileType = text.plist.xml; path = Info.plist; sourceTree = "<group>"; };
		471EF6A7281091B400A21056 /* DeezerTests.xctest */ = {isa = PBXFileReference; explicitFileType = wrapper.cfbundle; includeInIndex = 0; path = DeezerTests.xctest; sourceTree = BUILT_PRODUCTS_DIR; };
		471EF6AB281091B400A21056 /* DeezerTests.swift */ = {isa = PBXFileReference; lastKnownFileType = sourcecode.swift; path = DeezerTests.swift; sourceTree = "<group>"; };
		471EF6B1281091B400A21056 /* DeezerUITests.xctest */ = {isa = PBXFileReference; explicitFileType = wrapper.cfbundle; includeInIndex = 0; path = DeezerUITests.xctest; sourceTree = BUILT_PRODUCTS_DIR; };
		471EF6B5281091B400A21056 /* DeezerUITests.swift */ = {isa = PBXFileReference; lastKnownFileType = sourcecode.swift; path = DeezerUITests.swift; sourceTree = "<group>"; };
		471EF6B7281091B400A21056 /* DeezerUITestsLaunchTests.swift */ = {isa = PBXFileReference; lastKnownFileType = sourcecode.swift; path = DeezerUITestsLaunchTests.swift; sourceTree = "<group>"; };
		471EF6C6281094C200A21056 /* HomeViewController.swift */ = {isa = PBXFileReference; lastKnownFileType = sourcecode.swift; path = HomeViewController.swift; sourceTree = "<group>"; };
		471EF6C82810950100A21056 /* HomeViewController.xib */ = {isa = PBXFileReference; lastKnownFileType = file.xib; path = HomeViewController.xib; sourceTree = "<group>"; };
		471EF6CF2810AE2A00A21056 /* API.swift */ = {isa = PBXFileReference; lastKnownFileType = sourcecode.swift; path = API.swift; sourceTree = "<group>"; };
		471EF6D12810AEA000A21056 /* Artist.swift */ = {isa = PBXFileReference; lastKnownFileType = sourcecode.swift; path = Artist.swift; sourceTree = "<group>"; };
		471EF6D32810AEA700A21056 /* Album.swift */ = {isa = PBXFileReference; lastKnownFileType = sourcecode.swift; path = Album.swift; sourceTree = "<group>"; };
		471EF6D52810B14700A21056 /* Track.swift */ = {isa = PBXFileReference; lastKnownFileType = sourcecode.swift; path = Track.swift; sourceTree = "<group>"; };
		471EF6D82810B28300A21056 /* UIView.swift */ = {isa = PBXFileReference; lastKnownFileType = sourcecode.swift; path = UIView.swift; sourceTree = "<group>"; };
		471EF6DB2810B2F800A21056 /* LoadableImageView.swift */ = {isa = PBXFileReference; lastKnownFileType = sourcecode.swift; path = LoadableImageView.swift; sourceTree = "<group>"; };
		471EF6DE2810B39F00A21056 /* ImageCache.swift */ = {isa = PBXFileReference; lastKnownFileType = sourcecode.swift; path = ImageCache.swift; sourceTree = "<group>"; };
		471EF6E2281190E400A21056 /* ErrorHelper.swift */ = {isa = PBXFileReference; lastKnownFileType = sourcecode.swift; path = ErrorHelper.swift; sourceTree = "<group>"; };
		471EF6E428119F4300A21056 /* Bindable.swift */ = {isa = PBXFileReference; lastKnownFileType = sourcecode.swift; path = Bindable.swift; sourceTree = "<group>"; };
		471EF6E628119FD300A21056 /* HomeCoordinator.swift */ = {isa = PBXFileReference; lastKnownFileType = sourcecode.swift; path = HomeCoordinator.swift; sourceTree = "<group>"; };
		471EF6E828119FDD00A21056 /* HomeViewModel.swift */ = {isa = PBXFileReference; lastKnownFileType = sourcecode.swift; path = HomeViewModel.swift; sourceTree = "<group>"; };
		471EF6EB2811A3AF00A21056 /* Coordinator.swift */ = {isa = PBXFileReference; lastKnownFileType = sourcecode.swift; path = Coordinator.swift; sourceTree = "<group>"; };
		471EF6EF2811A52000A21056 /* BaseViewController.swift */ = {isa = PBXFileReference; lastKnownFileType = sourcecode.swift; path = BaseViewController.swift; sourceTree = "<group>"; };
		4763ADAE2811FD83006D20C8 /* ArtistCell.swift */ = {isa = PBXFileReference; lastKnownFileType = sourcecode.swift; path = ArtistCell.swift; sourceTree = "<group>"; };
		4763ADB02811FDAF006D20C8 /* ArtistCell.xib */ = {isa = PBXFileReference; lastKnownFileType = file.xib; path = ArtistCell.xib; sourceTree = "<group>"; };
		4763ADB22812ED4B006D20C8 /* ArtistCoordinator.swift */ = {isa = PBXFileReference; lastKnownFileType = sourcecode.swift; path = ArtistCoordinator.swift; sourceTree = "<group>"; };
		4763ADB42812ED58006D20C8 /* ArtistViewController.swift */ = {isa = PBXFileReference; lastKnownFileType = sourcecode.swift; path = ArtistViewController.swift; sourceTree = "<group>"; };
		4763ADB62812ED62006D20C8 /* ArtistViewController.xib */ = {isa = PBXFileReference; lastKnownFileType = file.xib; path = ArtistViewController.xib; sourceTree = "<group>"; };
		4763ADB82812ED70006D20C8 /* ArtistViewModel.swift */ = {isa = PBXFileReference; lastKnownFileType = sourcecode.swift; path = ArtistViewModel.swift; sourceTree = "<group>"; };
		479F287C281301D9009DCE91 /* AlbumCell.swift */ = {isa = PBXFileReference; lastKnownFileType = sourcecode.swift; path = AlbumCell.swift; sourceTree = "<group>"; };
		479F287E281301E4009DCE91 /* AlbumCell.xib */ = {isa = PBXFileReference; lastKnownFileType = file.xib; path = AlbumCell.xib; sourceTree = "<group>"; };
		479F288028130CE2009DCE91 /* AlbumViewController.xib */ = {isa = PBXFileReference; lastKnownFileType = file.xib; path = AlbumViewController.xib; sourceTree = "<group>"; };
		479F288228130CEF009DCE91 /* AlbumViewController.swift */ = {isa = PBXFileReference; lastKnownFileType = sourcecode.swift; path = AlbumViewController.swift; sourceTree = "<group>"; };
		479F288428130CF9009DCE91 /* AlbumViewModel.swift */ = {isa = PBXFileReference; lastKnownFileType = sourcecode.swift; path = AlbumViewModel.swift; sourceTree = "<group>"; };
		479F288728130F4D009DCE91 /* TrackCell.swift */ = {isa = PBXFileReference; lastKnownFileType = sourcecode.swift; path = TrackCell.swift; sourceTree = "<group>"; };
		479F288928130F54009DCE91 /* TrackCell.xib */ = {isa = PBXFileReference; lastKnownFileType = file.xib; path = TrackCell.xib; sourceTree = "<group>"; };
		479F288B281315AF009DCE91 /* Integer.swift */ = {isa = PBXFileReference; lastKnownFileType = sourcecode.swift; path = Integer.swift; sourceTree = "<group>"; };
		479F288D281317B1009DCE91 /* ScretchyTableViewHeader.swift */ = {isa = PBXFileReference; lastKnownFileType = sourcecode.swift; path = ScretchyTableViewHeader.swift; sourceTree = "<group>"; };
		479F289128142C4E009DCE91 /* AppCoordinator.swift */ = {isa = PBXFileReference; lastKnownFileType = sourcecode.swift; path = AppCoordinator.swift; sourceTree = "<group>"; };
		479F289328142D8C009DCE91 /* BaseCoordinator.swift */ = {isa = PBXFileReference; fileEncoding = 4; lastKnownFileType = sourcecode.swift; path = BaseCoordinator.swift; sourceTree = "<group>"; };
		479F2895281430F1009DCE91 /* AlbumCoordinator.swift */ = {isa = PBXFileReference; lastKnownFileType = sourcecode.swift; path = AlbumCoordinator.swift; sourceTree = "<group>"; };
		479F289B28144086009DCE91 /* AppColor.swift */ = {isa = PBXFileReference; lastKnownFileType = sourcecode.swift; path = AppColor.swift; sourceTree = "<group>"; };
		479F289D2814413C009DCE91 /* ArtistHeaderView.swift */ = {isa = PBXFileReference; lastKnownFileType = sourcecode.swift; path = ArtistHeaderView.swift; sourceTree = "<group>"; };
		479F289F28144799009DCE91 /* SearchFooter.swift */ = {isa = PBXFileReference; lastKnownFileType = sourcecode.swift; path = SearchFooter.swift; sourceTree = "<group>"; };
		479F28A928146BCE009DCE91 /* APITests.swift */ = {isa = PBXFileReference; fileEncoding = 4; lastKnownFileType = sourcecode.swift; path = APITests.swift; sourceTree = "<group>"; };
		479F28AA28146BCE009DCE91 /* HelpersTests.swift */ = {isa = PBXFileReference; fileEncoding = 4; lastKnownFileType = sourcecode.swift; path = HelpersTests.swift; sourceTree = "<group>"; };
		479F28AD28147021009DCE91 /* artbat.json */ = {isa = PBXFileReference; fileEncoding = 4; lastKnownFileType = text.json; path = artbat.json; sourceTree = "<group>"; };
		479F28B128147329009DCE91 /* albums.json */ = {isa = PBXFileReference; fileEncoding = 4; lastKnownFileType = text.json; path = albums.json; sourceTree = "<group>"; };
		479F28B328147467009DCE91 /* search.json */ = {isa = PBXFileReference; fileEncoding = 4; lastKnownFileType = text.json; path = search.json; sourceTree = "<group>"; };
		479F28B52817F5CA009DCE91 /* APIRequest.swift */ = {isa = PBXFileReference; lastKnownFileType = sourcecode.swift; path = APIRequest.swift; sourceTree = "<group>"; };
		479F28B82817F677009DCE91 /* SearchRequest.swift */ = {isa = PBXFileReference; lastKnownFileType = sourcecode.swift; path = SearchRequest.swift; sourceTree = "<group>"; };
		479F28BA2817FA23009DCE91 /* AppAPI.swift */ = {isa = PBXFileReference; lastKnownFileType = sourcecode.swift; path = AppAPI.swift; sourceTree = "<group>"; };
		479F28BC2817FDE9009DCE91 /* AlbumsRequest.swift */ = {isa = PBXFileReference; lastKnownFileType = sourcecode.swift; path = AlbumsRequest.swift; sourceTree = "<group>"; };
		479F28BE2817FDF2009DCE91 /* AlbumInfoRequest.swift */ = {isa = PBXFileReference; lastKnownFileType = sourcecode.swift; path = AlbumInfoRequest.swift; sourceTree = "<group>"; };
/* End PBXFileReference section */

/* Begin PBXFrameworksBuildPhase section */
		471EF68E281091B100A21056 /* Frameworks */ = {
			isa = PBXFrameworksBuildPhase;
			buildActionMask = 2147483647;
			files = (
			);
			runOnlyForDeploymentPostprocessing = 0;
		};
		471EF6A4281091B400A21056 /* Frameworks */ = {
			isa = PBXFrameworksBuildPhase;
			buildActionMask = 2147483647;
			files = (
			);
			runOnlyForDeploymentPostprocessing = 0;
		};
		471EF6AE281091B400A21056 /* Frameworks */ = {
			isa = PBXFrameworksBuildPhase;
			buildActionMask = 2147483647;
			files = (
			);
			runOnlyForDeploymentPostprocessing = 0;
		};
/* End PBXFrameworksBuildPhase section */

/* Begin PBXGroup section */
		471EF688281091B100A21056 = {
			isa = PBXGroup;
			children = (
				471EF693281091B100A21056 /* Deezer */,
				471EF6AA281091B400A21056 /* DeezerTests */,
				471EF6B4281091B400A21056 /* DeezerUITests */,
				471EF692281091B100A21056 /* Products */,
			);
			sourceTree = "<group>";
		};
		471EF692281091B100A21056 /* Products */ = {
			isa = PBXGroup;
			children = (
				471EF691281091B100A21056 /* Deezer.app */,
				471EF6A7281091B400A21056 /* DeezerTests.xctest */,
				471EF6B1281091B400A21056 /* DeezerUITests.xctest */,
			);
			name = Products;
			sourceTree = "<group>";
		};
		471EF693281091B100A21056 /* Deezer */ = {
			isa = PBXGroup;
			children = (
				471EF694281091B100A21056 /* AppDelegate.swift */,
				471EF6EA2811A39E00A21056 /* Navigation */,
				471EF6DD2810B39100A21056 /* Helpers */,
				471EF6DA2810B2A100A21056 /* Views */,
				471EF6D72810B27600A21056 /* Extensions */,
				471EF6CE2810AE1700A21056 /* API */,
				471EF6CD2810AC1D00A21056 /* Models */,
				471EF6C42810947000A21056 /* Modules */,
				471EF6CA2810958400A21056 /* Resources */,
				471EF6A2281091B400A21056 /* Info.plist */,
			);
			path = Deezer;
			sourceTree = "<group>";
		};
		471EF6AA281091B400A21056 /* DeezerTests */ = {
			isa = PBXGroup;
			children = (
				479F28B0281472DA009DCE91 /* HelpersTests */,
				479F28AF28147285009DCE91 /* APITests */,
				471EF6AB281091B400A21056 /* DeezerTests.swift */,
			);
			path = DeezerTests;
			sourceTree = "<group>";
		};
		471EF6B4281091B400A21056 /* DeezerUITests */ = {
			isa = PBXGroup;
			children = (
				471EF6B5281091B400A21056 /* DeezerUITests.swift */,
				471EF6B7281091B400A21056 /* DeezerUITestsLaunchTests.swift */,
			);
			path = DeezerUITests;
			sourceTree = "<group>";
		};
		471EF6C42810947000A21056 /* Modules */ = {
			isa = PBXGroup;
			children = (
				471EF6CC2810AA3300A21056 /* Album */,
				471EF6CB2810AA2100A21056 /* Artist */,
				471EF6C52810947F00A21056 /* Home */,
			);
			path = Modules;
			sourceTree = "<group>";
		};
		471EF6C52810947F00A21056 /* Home */ = {
			isa = PBXGroup;
			children = (
				4763ADAD2811FD62006D20C8 /* Views */,
				471EF6E628119FD300A21056 /* HomeCoordinator.swift */,
				471EF6C6281094C200A21056 /* HomeViewController.swift */,
				471EF6C82810950100A21056 /* HomeViewController.xib */,
				471EF6E828119FDD00A21056 /* HomeViewModel.swift */,
			);
			path = Home;
			sourceTree = "<group>";
		};
		471EF6CA2810958400A21056 /* Resources */ = {
			isa = PBXGroup;
			children = (
				471EF69D281091B400A21056 /* Assets.xcassets */,
				471EF69F281091B400A21056 /* LaunchScreen.storyboard */,
			);
			path = Resources;
			sourceTree = "<group>";
		};
		471EF6CB2810AA2100A21056 /* Artist */ = {
			isa = PBXGroup;
			children = (
				479F287B281301C3009DCE91 /* Views */,
				4763ADB22812ED4B006D20C8 /* ArtistCoordinator.swift */,
				4763ADB42812ED58006D20C8 /* ArtistViewController.swift */,
				4763ADB62812ED62006D20C8 /* ArtistViewController.xib */,
				4763ADB82812ED70006D20C8 /* ArtistViewModel.swift */,
			);
			path = Artist;
			sourceTree = "<group>";
		};
		471EF6CC2810AA3300A21056 /* Album */ = {
			isa = PBXGroup;
			children = (
				479F288628130F2A009DCE91 /* View */,
				479F2895281430F1009DCE91 /* AlbumCoordinator.swift */,
				479F288228130CEF009DCE91 /* AlbumViewController.swift */,
				479F288028130CE2009DCE91 /* AlbumViewController.xib */,
				479F288428130CF9009DCE91 /* AlbumViewModel.swift */,
			);
			path = Album;
			sourceTree = "<group>";
		};
		471EF6CD2810AC1D00A21056 /* Models */ = {
			isa = PBXGroup;
			children = (
				471EF6D12810AEA000A21056 /* Artist.swift */,
				471EF6D32810AEA700A21056 /* Album.swift */,
				471EF6D52810B14700A21056 /* Track.swift */,
			);
			path = Models;
			sourceTree = "<group>";
		};
		471EF6CE2810AE1700A21056 /* API */ = {
			isa = PBXGroup;
			children = (
				479F28B72817F668009DCE91 /* Requests */,
				471EF6CF2810AE2A00A21056 /* API.swift */,
				479F28BA2817FA23009DCE91 /* AppAPI.swift */,
				479F28B52817F5CA009DCE91 /* APIRequest.swift */,
			);
			path = API;
			sourceTree = "<group>";
		};
		471EF6D72810B27600A21056 /* Extensions */ = {
			isa = PBXGroup;
			children = (
				471EF6D82810B28300A21056 /* UIView.swift */,
				471EF6EF2811A52000A21056 /* BaseViewController.swift */,
				479F288B281315AF009DCE91 /* Integer.swift */,
			);
			path = Extensions;
			sourceTree = "<group>";
		};
		471EF6DA2810B2A100A21056 /* Views */ = {
			isa = PBXGroup;
			children = (
				471EF6DB2810B2F800A21056 /* LoadableImageView.swift */,
			);
			path = Views;
			sourceTree = "<group>";
		};
		471EF6DD2810B39100A21056 /* Helpers */ = {
			isa = PBXGroup;
			children = (
				471EF6DE2810B39F00A21056 /* ImageCache.swift */,
				471EF6E2281190E400A21056 /* ErrorHelper.swift */,
				471EF6E428119F4300A21056 /* Bindable.swift */,
				479F289B28144086009DCE91 /* AppColor.swift */,
			);
			path = Helpers;
			sourceTree = "<group>";
		};
		471EF6EA2811A39E00A21056 /* Navigation */ = {
			isa = PBXGroup;
			children = (
				471EF6EB2811A3AF00A21056 /* Coordinator.swift */,
				479F289328142D8C009DCE91 /* BaseCoordinator.swift */,
				479F289128142C4E009DCE91 /* AppCoordinator.swift */,
			);
			path = Navigation;
			sourceTree = "<group>";
		};
		4763ADAD2811FD62006D20C8 /* Views */ = {
			isa = PBXGroup;
			children = (
				4763ADAE2811FD83006D20C8 /* ArtistCell.swift */,
				4763ADB02811FDAF006D20C8 /* ArtistCell.xib */,
				479F289D2814413C009DCE91 /* ArtistHeaderView.swift */,
				479F289F28144799009DCE91 /* SearchFooter.swift */,
			);
			path = Views;
			sourceTree = "<group>";
		};
		479F287B281301C3009DCE91 /* Views */ = {
			isa = PBXGroup;
			children = (
				479F287C281301D9009DCE91 /* AlbumCell.swift */,
				479F287E281301E4009DCE91 /* AlbumCell.xib */,
			);
			path = Views;
			sourceTree = "<group>";
		};
		479F288628130F2A009DCE91 /* View */ = {
			isa = PBXGroup;
			children = (
				479F288728130F4D009DCE91 /* TrackCell.swift */,
				479F288928130F54009DCE91 /* TrackCell.xib */,
				479F288D281317B1009DCE91 /* ScretchyTableViewHeader.swift */,
			);
			path = View;
			sourceTree = "<group>";
		};
		479F28AF28147285009DCE91 /* APITests */ = {
			isa = PBXGroup;
			children = (
				479F28B128147329009DCE91 /* albums.json */,
				479F28AD28147021009DCE91 /* artbat.json */,
				479F28B328147467009DCE91 /* search.json */,
				479F28A928146BCE009DCE91 /* APITests.swift */,
			);
			path = APITests;
			sourceTree = "<group>";
		};
		479F28B0281472DA009DCE91 /* HelpersTests */ = {
			isa = PBXGroup;
			children = (
				479F28AA28146BCE009DCE91 /* HelpersTests.swift */,
			);
			path = HelpersTests;
			sourceTree = "<group>";
		};
		479F28B72817F668009DCE91 /* Requests */ = {
			isa = PBXGroup;
			children = (
				479F28B82817F677009DCE91 /* SearchRequest.swift */,
				479F28BC2817FDE9009DCE91 /* AlbumsRequest.swift */,
				479F28BE2817FDF2009DCE91 /* AlbumInfoRequest.swift */,
			);
			path = Requests;
			sourceTree = "<group>";
		};
/* End PBXGroup section */

/* Begin PBXNativeTarget section */
		471EF690281091B100A21056 /* Deezer */ = {
			isa = PBXNativeTarget;
			buildConfigurationList = 471EF6BB281091B400A21056 /* Build configuration list for PBXNativeTarget "Deezer" */;
			buildPhases = (
				471EF68D281091B100A21056 /* Sources */,
				471EF68E281091B100A21056 /* Frameworks */,
				471EF68F281091B100A21056 /* Resources */,
			);
			buildRules = (
			);
			dependencies = (
			);
			name = Deezer;
			productName = Deezer;
			productReference = 471EF691281091B100A21056 /* Deezer.app */;
			productType = "com.apple.product-type.application";
		};
		471EF6A6281091B400A21056 /* DeezerTests */ = {
			isa = PBXNativeTarget;
			buildConfigurationList = 471EF6BE281091B400A21056 /* Build configuration list for PBXNativeTarget "DeezerTests" */;
			buildPhases = (
				471EF6A3281091B400A21056 /* Sources */,
				471EF6A4281091B400A21056 /* Frameworks */,
				471EF6A5281091B400A21056 /* Resources */,
			);
			buildRules = (
			);
			dependencies = (
				471EF6A9281091B400A21056 /* PBXTargetDependency */,
			);
			name = DeezerTests;
			productName = DeezerTests;
			productReference = 471EF6A7281091B400A21056 /* DeezerTests.xctest */;
			productType = "com.apple.product-type.bundle.unit-test";
		};
		471EF6B0281091B400A21056 /* DeezerUITests */ = {
			isa = PBXNativeTarget;
			buildConfigurationList = 471EF6C1281091B400A21056 /* Build configuration list for PBXNativeTarget "DeezerUITests" */;
			buildPhases = (
				471EF6AD281091B400A21056 /* Sources */,
				471EF6AE281091B400A21056 /* Frameworks */,
				471EF6AF281091B400A21056 /* Resources */,
			);
			buildRules = (
			);
			dependencies = (
				471EF6B3281091B400A21056 /* PBXTargetDependency */,
			);
			name = DeezerUITests;
			productName = DeezerUITests;
			productReference = 471EF6B1281091B400A21056 /* DeezerUITests.xctest */;
			productType = "com.apple.product-type.bundle.ui-testing";
		};
/* End PBXNativeTarget section */

/* Begin PBXProject section */
		471EF689281091B100A21056 /* Project object */ = {
			isa = PBXProject;
			attributes = {
				BuildIndependentTargetsInParallel = 1;
				LastSwiftUpdateCheck = 1320;
				LastUpgradeCheck = 1320;
				TargetAttributes = {
					471EF690281091B100A21056 = {
						CreatedOnToolsVersion = 13.2.1;
					};
					471EF6A6281091B400A21056 = {
						CreatedOnToolsVersion = 13.2.1;
						TestTargetID = 471EF690281091B100A21056;
					};
					471EF6B0281091B400A21056 = {
						CreatedOnToolsVersion = 13.2.1;
						TestTargetID = 471EF690281091B100A21056;
					};
				};
			};
			buildConfigurationList = 471EF68C281091B100A21056 /* Build configuration list for PBXProject "Deezer" */;
			compatibilityVersion = "Xcode 13.0";
			developmentRegion = en;
			hasScannedForEncodings = 0;
			knownRegions = (
				en,
				Base,
			);
			mainGroup = 471EF688281091B100A21056;
			productRefGroup = 471EF692281091B100A21056 /* Products */;
			projectDirPath = "";
			projectRoot = "";
			targets = (
				471EF690281091B100A21056 /* Deezer */,
				471EF6A6281091B400A21056 /* DeezerTests */,
				471EF6B0281091B400A21056 /* DeezerUITests */,
			);
		};
/* End PBXProject section */

/* Begin PBXResourcesBuildPhase section */
		471EF68F281091B100A21056 /* Resources */ = {
			isa = PBXResourcesBuildPhase;
			buildActionMask = 2147483647;
			files = (
				471EF6A1281091B400A21056 /* LaunchScreen.storyboard in Resources */,
				479F288128130CE2009DCE91 /* AlbumViewController.xib in Resources */,
				479F287F281301E4009DCE91 /* AlbumCell.xib in Resources */,
				479F288A28130F55009DCE91 /* TrackCell.xib in Resources */,
				471EF69E281091B400A21056 /* Assets.xcassets in Resources */,
				4763ADB12811FDAF006D20C8 /* ArtistCell.xib in Resources */,
				4763ADB72812ED63006D20C8 /* ArtistViewController.xib in Resources */,
				471EF6C92810950100A21056 /* HomeViewController.xib in Resources */,
			);
			runOnlyForDeploymentPostprocessing = 0;
		};
		471EF6A5281091B400A21056 /* Resources */ = {
			isa = PBXResourcesBuildPhase;
			buildActionMask = 2147483647;
			files = (
				479F28B428147467009DCE91 /* search.json in Resources */,
				479F28AE28147021009DCE91 /* artbat.json in Resources */,
				479F28B228147329009DCE91 /* albums.json in Resources */,
			);
			runOnlyForDeploymentPostprocessing = 0;
		};
		471EF6AF281091B400A21056 /* Resources */ = {
			isa = PBXResourcesBuildPhase;
			buildActionMask = 2147483647;
			files = (
			);
			runOnlyForDeploymentPostprocessing = 0;
		};
/* End PBXResourcesBuildPhase section */

/* Begin PBXSourcesBuildPhase section */
		471EF68D281091B100A21056 /* Sources */ = {
			isa = PBXSourcesBuildPhase;
			buildActionMask = 2147483647;
			files = (
				479F2896281430F1009DCE91 /* AlbumCoordinator.swift in Sources */,
				479F28B92817F677009DCE91 /* SearchRequest.swift in Sources */,
				471EF695281091B100A21056 /* AppDelegate.swift in Sources */,
				479F28BF2817FDF2009DCE91 /* AlbumInfoRequest.swift in Sources */,
				471EF6D02810AE2A00A21056 /* API.swift in Sources */,
				4763ADAF2811FD83006D20C8 /* ArtistCell.swift in Sources */,
				471EF6E3281190E400A21056 /* ErrorHelper.swift in Sources */,
				479F288328130CEF009DCE91 /* AlbumViewController.swift in Sources */,
				4763ADB32812ED4C006D20C8 /* ArtistCoordinator.swift in Sources */,
				479F289228142C4E009DCE91 /* AppCoordinator.swift in Sources */,
				479F288528130CFA009DCE91 /* AlbumViewModel.swift in Sources */,
				479F288E281317B1009DCE91 /* ScretchyTableViewHeader.swift in Sources */,
				471EF6D22810AEA000A21056 /* Artist.swift in Sources */,
				479F288828130F4E009DCE91 /* TrackCell.swift in Sources */,
				471EF6E528119F4400A21056 /* Bindable.swift in Sources */,
				471EF6E728119FD300A21056 /* HomeCoordinator.swift in Sources */,
				479F28B62817F5CA009DCE91 /* APIRequest.swift in Sources */,
				479F289E2814413C009DCE91 /* ArtistHeaderView.swift in Sources */,
				479F28A028144799009DCE91 /* SearchFooter.swift in Sources */,
				479F287D281301D9009DCE91 /* AlbumCell.swift in Sources */,
				471EF6EC2811A3AF00A21056 /* Coordinator.swift in Sources */,
				471EF6DF2810B39F00A21056 /* ImageCache.swift in Sources */,
				471EF6D92810B28300A21056 /* UIView.swift in Sources */,
				479F288C281315AF009DCE91 /* Integer.swift in Sources */,
				471EF6E928119FDD00A21056 /* HomeViewModel.swift in Sources */,
				479F289C28144086009DCE91 /* AppColor.swift in Sources */,
				479F289428142D8D009DCE91 /* BaseCoordinator.swift in Sources */,
				471EF6DC2810B2F800A21056 /* LoadableImageView.swift in Sources */,
				471EF6C7281094C300A21056 /* HomeViewController.swift in Sources */,
				479F28BD2817FDE9009DCE91 /* AlbumsRequest.swift in Sources */,
				471EF6D42810AEA700A21056 /* Album.swift in Sources */,
				471EF6F02811A52000A21056 /* BaseViewController.swift in Sources */,
				4763ADB92812ED70006D20C8 /* ArtistViewModel.swift in Sources */,
				471EF6D62810B14700A21056 /* Track.swift in Sources */,
				479F28BB2817FA23009DCE91 /* AppAPI.swift in Sources */,
				4763ADB52812ED58006D20C8 /* ArtistViewController.swift in Sources */,
			);
			runOnlyForDeploymentPostprocessing = 0;
		};
		471EF6A3281091B400A21056 /* Sources */ = {
			isa = PBXSourcesBuildPhase;
			buildActionMask = 2147483647;
			files = (
				479F28AB28146BCE009DCE91 /* APITests.swift in Sources */,
				479F28AC28146BCE009DCE91 /* HelpersTests.swift in Sources */,
				471EF6AC281091B400A21056 /* DeezerTests.swift in Sources */,
			);
			runOnlyForDeploymentPostprocessing = 0;
		};
		471EF6AD281091B400A21056 /* Sources */ = {
			isa = PBXSourcesBuildPhase;
			buildActionMask = 2147483647;
			files = (
				471EF6B6281091B400A21056 /* DeezerUITests.swift in Sources */,
				471EF6B8281091B400A21056 /* DeezerUITestsLaunchTests.swift in Sources */,
			);
			runOnlyForDeploymentPostprocessing = 0;
		};
/* End PBXSourcesBuildPhase section */

/* Begin PBXTargetDependency section */
		471EF6A9281091B400A21056 /* PBXTargetDependency */ = {
			isa = PBXTargetDependency;
			target = 471EF690281091B100A21056 /* Deezer */;
			targetProxy = 471EF6A8281091B400A21056 /* PBXContainerItemProxy */;
		};
		471EF6B3281091B400A21056 /* PBXTargetDependency */ = {
			isa = PBXTargetDependency;
			target = 471EF690281091B100A21056 /* Deezer */;
			targetProxy = 471EF6B2281091B400A21056 /* PBXContainerItemProxy */;
		};
/* End PBXTargetDependency section */

/* Begin PBXVariantGroup section */
		471EF69F281091B400A21056 /* LaunchScreen.storyboard */ = {
			isa = PBXVariantGroup;
			children = (
				471EF6A0281091B400A21056 /* Base */,
			);
			name = LaunchScreen.storyboard;
			sourceTree = "<group>";
		};
/* End PBXVariantGroup section */

/* Begin XCBuildConfiguration section */
		471EF6B9281091B400A21056 /* Debug */ = {
			isa = XCBuildConfiguration;
			buildSettings = {
				ALWAYS_SEARCH_USER_PATHS = NO;
				CLANG_ANALYZER_NONNULL = YES;
				CLANG_ANALYZER_NUMBER_OBJECT_CONVERSION = YES_AGGRESSIVE;
				CLANG_CXX_LANGUAGE_STANDARD = "gnu++17";
				CLANG_CXX_LIBRARY = "libc++";
				CLANG_ENABLE_MODULES = YES;
				CLANG_ENABLE_OBJC_ARC = YES;
				CLANG_ENABLE_OBJC_WEAK = YES;
				CLANG_WARN_BLOCK_CAPTURE_AUTORELEASING = YES;
				CLANG_WARN_BOOL_CONVERSION = YES;
				CLANG_WARN_COMMA = YES;
				CLANG_WARN_CONSTANT_CONVERSION = YES;
				CLANG_WARN_DEPRECATED_OBJC_IMPLEMENTATIONS = YES;
				CLANG_WARN_DIRECT_OBJC_ISA_USAGE = YES_ERROR;
				CLANG_WARN_DOCUMENTATION_COMMENTS = YES;
				CLANG_WARN_EMPTY_BODY = YES;
				CLANG_WARN_ENUM_CONVERSION = YES;
				CLANG_WARN_INFINITE_RECURSION = YES;
				CLANG_WARN_INT_CONVERSION = YES;
				CLANG_WARN_NON_LITERAL_NULL_CONVERSION = YES;
				CLANG_WARN_OBJC_IMPLICIT_RETAIN_SELF = YES;
				CLANG_WARN_OBJC_LITERAL_CONVERSION = YES;
				CLANG_WARN_OBJC_ROOT_CLASS = YES_ERROR;
				CLANG_WARN_QUOTED_INCLUDE_IN_FRAMEWORK_HEADER = YES;
				CLANG_WARN_RANGE_LOOP_ANALYSIS = YES;
				CLANG_WARN_STRICT_PROTOTYPES = YES;
				CLANG_WARN_SUSPICIOUS_MOVE = YES;
				CLANG_WARN_UNGUARDED_AVAILABILITY = YES_AGGRESSIVE;
				CLANG_WARN_UNREACHABLE_CODE = YES;
				CLANG_WARN__DUPLICATE_METHOD_MATCH = YES;
				COPY_PHASE_STRIP = NO;
				DEBUG_INFORMATION_FORMAT = dwarf;
				ENABLE_STRICT_OBJC_MSGSEND = YES;
				ENABLE_TESTABILITY = YES;
				GCC_C_LANGUAGE_STANDARD = gnu11;
				GCC_DYNAMIC_NO_PIC = NO;
				GCC_NO_COMMON_BLOCKS = YES;
				GCC_OPTIMIZATION_LEVEL = 0;
				GCC_PREPROCESSOR_DEFINITIONS = (
					"DEBUG=1",
					"$(inherited)",
				);
				GCC_WARN_64_TO_32_BIT_CONVERSION = YES;
				GCC_WARN_ABOUT_RETURN_TYPE = YES_ERROR;
				GCC_WARN_UNDECLARED_SELECTOR = YES;
				GCC_WARN_UNINITIALIZED_AUTOS = YES_AGGRESSIVE;
				GCC_WARN_UNUSED_FUNCTION = YES;
				GCC_WARN_UNUSED_VARIABLE = YES;
				IPHONEOS_DEPLOYMENT_TARGET = 15.2;
				MTL_ENABLE_DEBUG_INFO = INCLUDE_SOURCE;
				MTL_FAST_MATH = YES;
				ONLY_ACTIVE_ARCH = YES;
				SDKROOT = iphoneos;
				SWIFT_ACTIVE_COMPILATION_CONDITIONS = DEBUG;
				SWIFT_OPTIMIZATION_LEVEL = "-Onone";
			};
			name = Debug;
		};
		471EF6BA281091B400A21056 /* Release */ = {
			isa = XCBuildConfiguration;
			buildSettings = {
				ALWAYS_SEARCH_USER_PATHS = NO;
				CLANG_ANALYZER_NONNULL = YES;
				CLANG_ANALYZER_NUMBER_OBJECT_CONVERSION = YES_AGGRESSIVE;
				CLANG_CXX_LANGUAGE_STANDARD = "gnu++17";
				CLANG_CXX_LIBRARY = "libc++";
				CLANG_ENABLE_MODULES = YES;
				CLANG_ENABLE_OBJC_ARC = YES;
				CLANG_ENABLE_OBJC_WEAK = YES;
				CLANG_WARN_BLOCK_CAPTURE_AUTORELEASING = YES;
				CLANG_WARN_BOOL_CONVERSION = YES;
				CLANG_WARN_COMMA = YES;
				CLANG_WARN_CONSTANT_CONVERSION = YES;
				CLANG_WARN_DEPRECATED_OBJC_IMPLEMENTATIONS = YES;
				CLANG_WARN_DIRECT_OBJC_ISA_USAGE = YES_ERROR;
				CLANG_WARN_DOCUMENTATION_COMMENTS = YES;
				CLANG_WARN_EMPTY_BODY = YES;
				CLANG_WARN_ENUM_CONVERSION = YES;
				CLANG_WARN_INFINITE_RECURSION = YES;
				CLANG_WARN_INT_CONVERSION = YES;
				CLANG_WARN_NON_LITERAL_NULL_CONVERSION = YES;
				CLANG_WARN_OBJC_IMPLICIT_RETAIN_SELF = YES;
				CLANG_WARN_OBJC_LITERAL_CONVERSION = YES;
				CLANG_WARN_OBJC_ROOT_CLASS = YES_ERROR;
				CLANG_WARN_QUOTED_INCLUDE_IN_FRAMEWORK_HEADER = YES;
				CLANG_WARN_RANGE_LOOP_ANALYSIS = YES;
				CLANG_WARN_STRICT_PROTOTYPES = YES;
				CLANG_WARN_SUSPICIOUS_MOVE = YES;
				CLANG_WARN_UNGUARDED_AVAILABILITY = YES_AGGRESSIVE;
				CLANG_WARN_UNREACHABLE_CODE = YES;
				CLANG_WARN__DUPLICATE_METHOD_MATCH = YES;
				COPY_PHASE_STRIP = NO;
				DEBUG_INFORMATION_FORMAT = "dwarf-with-dsym";
				ENABLE_NS_ASSERTIONS = NO;
				ENABLE_STRICT_OBJC_MSGSEND = YES;
				GCC_C_LANGUAGE_STANDARD = gnu11;
				GCC_NO_COMMON_BLOCKS = YES;
				GCC_WARN_64_TO_32_BIT_CONVERSION = YES;
				GCC_WARN_ABOUT_RETURN_TYPE = YES_ERROR;
				GCC_WARN_UNDECLARED_SELECTOR = YES;
				GCC_WARN_UNINITIALIZED_AUTOS = YES_AGGRESSIVE;
				GCC_WARN_UNUSED_FUNCTION = YES;
				GCC_WARN_UNUSED_VARIABLE = YES;
				IPHONEOS_DEPLOYMENT_TARGET = 15.2;
				MTL_ENABLE_DEBUG_INFO = NO;
				MTL_FAST_MATH = YES;
				SDKROOT = iphoneos;
				SWIFT_COMPILATION_MODE = wholemodule;
				SWIFT_OPTIMIZATION_LEVEL = "-O";
				VALIDATE_PRODUCT = YES;
			};
			name = Release;
		};
		471EF6BC281091B400A21056 /* Debug */ = {
			isa = XCBuildConfiguration;
			buildSettings = {
				ASSETCATALOG_COMPILER_APPICON_NAME = AppIcon;
				ASSETCATALOG_COMPILER_GLOBAL_ACCENT_COLOR_NAME = AccentColor;
				CODE_SIGN_STYLE = Automatic;
				CURRENT_PROJECT_VERSION = 1;
				DEVELOPMENT_TEAM = A5R6J4899D;
				GENERATE_INFOPLIST_FILE = YES;
				INFOPLIST_FILE = Deezer/Info.plist;
				INFOPLIST_KEY_UIApplicationSupportsIndirectInputEvents = YES;
				INFOPLIST_KEY_UILaunchStoryboardName = LaunchScreen;
				INFOPLIST_KEY_UISupportedInterfaceOrientations_iPad = "UIInterfaceOrientationPortrait UIInterfaceOrientationPortraitUpsideDown UIInterfaceOrientationLandscapeLeft UIInterfaceOrientationLandscapeRight";
				INFOPLIST_KEY_UISupportedInterfaceOrientations_iPhone = "UIInterfaceOrientationPortrait UIInterfaceOrientationLandscapeLeft UIInterfaceOrientationLandscapeRight";
				IPHONEOS_DEPLOYMENT_TARGET = 13.0;
				LD_RUNPATH_SEARCH_PATHS = (
					"$(inherited)",
					"@executable_path/Frameworks",
				);
				MARKETING_VERSION = 1.0;
				PRODUCT_BUNDLE_IDENTIFIER = com.andriimomot.Deezer;
				PRODUCT_NAME = "$(TARGET_NAME)";
				SWIFT_EMIT_LOC_STRINGS = YES;
				SWIFT_VERSION = 5.0;
				TARGETED_DEVICE_FAMILY = 1;
			};
			name = Debug;
		};
		471EF6BD281091B400A21056 /* Release */ = {
			isa = XCBuildConfiguration;
			buildSettings = {
				ASSETCATALOG_COMPILER_APPICON_NAME = AppIcon;
				ASSETCATALOG_COMPILER_GLOBAL_ACCENT_COLOR_NAME = AccentColor;
				CODE_SIGN_STYLE = Automatic;
				CURRENT_PROJECT_VERSION = 1;
				DEVELOPMENT_TEAM = A5R6J4899D;
				GENERATE_INFOPLIST_FILE = YES;
				INFOPLIST_FILE = Deezer/Info.plist;
				INFOPLIST_KEY_UIApplicationSupportsIndirectInputEvents = YES;
				INFOPLIST_KEY_UILaunchStoryboardName = LaunchScreen;
				INFOPLIST_KEY_UISupportedInterfaceOrientations_iPad = "UIInterfaceOrientationPortrait UIInterfaceOrientationPortraitUpsideDown UIInterfaceOrientationLandscapeLeft UIInterfaceOrientationLandscapeRight";
				INFOPLIST_KEY_UISupportedInterfaceOrientations_iPhone = "UIInterfaceOrientationPortrait UIInterfaceOrientationLandscapeLeft UIInterfaceOrientationLandscapeRight";
				IPHONEOS_DEPLOYMENT_TARGET = 13.0;
				LD_RUNPATH_SEARCH_PATHS = (
					"$(inherited)",
					"@executable_path/Frameworks",
				);
				MARKETING_VERSION = 1.0;
				PRODUCT_BUNDLE_IDENTIFIER = com.andriimomot.Deezer;
				PRODUCT_NAME = "$(TARGET_NAME)";
				SWIFT_EMIT_LOC_STRINGS = YES;
				SWIFT_VERSION = 5.0;
				TARGETED_DEVICE_FAMILY = 1;
			};
			name = Release;
		};
		471EF6BF281091B400A21056 /* Debug */ = {
			isa = XCBuildConfiguration;
			buildSettings = {
				ALWAYS_EMBED_SWIFT_STANDARD_LIBRARIES = YES;
				BUNDLE_LOADER = "$(TEST_HOST)";
				CODE_SIGN_STYLE = Automatic;
				CURRENT_PROJECT_VERSION = 1;
				DEVELOPMENT_TEAM = A5R6J4899D;
				GENERATE_INFOPLIST_FILE = YES;
				IPHONEOS_DEPLOYMENT_TARGET = 15.2;
				MARKETING_VERSION = 1.0;
				PRODUCT_BUNDLE_IDENTIFIER = com.andriimomot.DeezerTests;
				PRODUCT_NAME = "$(TARGET_NAME)";
				SWIFT_EMIT_LOC_STRINGS = NO;
				SWIFT_VERSION = 5.0;
				TARGETED_DEVICE_FAMILY = "1,2";
				TEST_HOST = "$(BUILT_PRODUCTS_DIR)/Deezer.app/Deezer";
			};
			name = Debug;
		};
		471EF6C0281091B400A21056 /* Release */ = {
			isa = XCBuildConfiguration;
			buildSettings = {
				ALWAYS_EMBED_SWIFT_STANDARD_LIBRARIES = YES;
				BUNDLE_LOADER = "$(TEST_HOST)";
				CODE_SIGN_STYLE = Automatic;
				CURRENT_PROJECT_VERSION = 1;
				DEVELOPMENT_TEAM = A5R6J4899D;
				GENERATE_INFOPLIST_FILE = YES;
				IPHONEOS_DEPLOYMENT_TARGET = 15.2;
				MARKETING_VERSION = 1.0;
				PRODUCT_BUNDLE_IDENTIFIER = com.andriimomot.DeezerTests;
				PRODUCT_NAME = "$(TARGET_NAME)";
				SWIFT_EMIT_LOC_STRINGS = NO;
				SWIFT_VERSION = 5.0;
				TARGETED_DEVICE_FAMILY = "1,2";
				TEST_HOST = "$(BUILT_PRODUCTS_DIR)/Deezer.app/Deezer";
			};
			name = Release;
		};
		471EF6C2281091B400A21056 /* Debug */ = {
			isa = XCBuildConfiguration;
			buildSettings = {
				ALWAYS_EMBED_SWIFT_STANDARD_LIBRARIES = YES;
				CODE_SIGN_STYLE = Automatic;
				CURRENT_PROJECT_VERSION = 1;
				DEVELOPMENT_TEAM = A5R6J4899D;
				GENERATE_INFOPLIST_FILE = YES;
				MARKETING_VERSION = 1.0;
				PRODUCT_BUNDLE_IDENTIFIER = com.andriimomot.DeezerUITests;
				PRODUCT_NAME = "$(TARGET_NAME)";
				SWIFT_EMIT_LOC_STRINGS = NO;
				SWIFT_VERSION = 5.0;
				TARGETED_DEVICE_FAMILY = "1,2";
				TEST_TARGET_NAME = Deezer;
			};
			name = Debug;
		};
		471EF6C3281091B400A21056 /* Release */ = {
			isa = XCBuildConfiguration;
			buildSettings = {
				ALWAYS_EMBED_SWIFT_STANDARD_LIBRARIES = YES;
				CODE_SIGN_STYLE = Automatic;
				CURRENT_PROJECT_VERSION = 1;
				DEVELOPMENT_TEAM = A5R6J4899D;
				GENERATE_INFOPLIST_FILE = YES;
				MARKETING_VERSION = 1.0;
				PRODUCT_BUNDLE_IDENTIFIER = com.andriimomot.DeezerUITests;
				PRODUCT_NAME = "$(TARGET_NAME)";
				SWIFT_EMIT_LOC_STRINGS = NO;
				SWIFT_VERSION = 5.0;
				TARGETED_DEVICE_FAMILY = "1,2";
				TEST_TARGET_NAME = Deezer;
			};
			name = Release;
		};
/* End XCBuildConfiguration section */

/* Begin XCConfigurationList section */
		471EF68C281091B100A21056 /* Build configuration list for PBXProject "Deezer" */ = {
			isa = XCConfigurationList;
			buildConfigurations = (
				471EF6B9281091B400A21056 /* Debug */,
				471EF6BA281091B400A21056 /* Release */,
			);
			defaultConfigurationIsVisible = 0;
			defaultConfigurationName = Release;
		};
		471EF6BB281091B400A21056 /* Build configuration list for PBXNativeTarget "Deezer" */ = {
			isa = XCConfigurationList;
			buildConfigurations = (
				471EF6BC281091B400A21056 /* Debug */,
				471EF6BD281091B400A21056 /* Release */,
			);
			defaultConfigurationIsVisible = 0;
			defaultConfigurationName = Release;
		};
		471EF6BE281091B400A21056 /* Build configuration list for PBXNativeTarget "DeezerTests" */ = {
			isa = XCConfigurationList;
			buildConfigurations = (
				471EF6BF281091B400A21056 /* Debug */,
				471EF6C0281091B400A21056 /* Release */,
			);
			defaultConfigurationIsVisible = 0;
			defaultConfigurationName = Release;
		};
		471EF6C1281091B400A21056 /* Build configuration list for PBXNativeTarget "DeezerUITests" */ = {
			isa = XCConfigurationList;
			buildConfigurations = (
				471EF6C2281091B400A21056 /* Debug */,
				471EF6C3281091B400A21056 /* Release */,
			);
			defaultConfigurationIsVisible = 0;
			defaultConfigurationName = Release;
		};
/* End XCConfigurationList section */
	};
	rootObject = 471EF689281091B100A21056 /* Project object */;
}
